
Microsoft Visual Studio Solution File, Format Version 12.00
# Visual Studio Version 17
VisualStudioVersion = 17.2.32516.85
MinimumVisualStudioVersion = 10.0.40219.1
Project("{FAE04EC0-301F-11D3-BF4B-00C04F79EFBC}") = "SqliteRazorPagesApp", "SqliteRazorPagesApp\SqliteRazorPagesApp.csproj", "{2974BD85-8D3D-42CA-A0DB-E8127576280A}"
EndProject
Global
	GlobalSection(SolutionConfigurationPlatforms) = preSolution
		Debug|Any CPU = Debug|Any CPU
		Release|Any CPU = Release|Any CPU
	EndGlobalSection
	GlobalSection(ProjectConfigurationPlatforms) = postSolution
		{2974BD85-8D3D-42CA-A0DB-E8127576280A}.Debug|Any CPU.ActiveCfg = Debug|Any CPU
		{2974BD85-8D3D-42CA-A0DB-E8127576280A}.Debug|Any CPU.Build.0 = Debug|Any CPU
		{2974BD85-8D3D-42CA-A0DB-E8127576280A}.Release|Any CPU.ActiveCfg = Release|Any CPU
		{2974BD85-8D3D-42CA-A0DB-E8127576280A}.Release|Any CPU.Build.0 = Release|Any CPU
	EndGlobalSection
	GlobalSection(SolutionProperties) = preSolution
		HideSolutionNode = FALSE
	EndGlobalSection
	GlobalSection(ExtensibilityGlobals) = postSolution
		SolutionGuid = {A01DCBB0-1B20-4778-95E7-D950286B454E}
	EndGlobalSection
EndGlobal
